// !$*UTF8*$!
{
	archiveVersion = 1;
	classes = {
	};
	objectVersion = 50;
	objects = {

/* Begin PBXBuildFile section */
		5CC05596266D08710006746C /* HACKER_NEWSApp.swift in Sources */ = {isa = PBXBuildFile; fileRef = 5CC05595266D08710006746C /* HACKER_NEWSApp.swift */; };
		5CC05598266D08710006746C /* ContentView.swift in Sources */ = {isa = PBXBuildFile; fileRef = 5CC05597266D08710006746C /* ContentView.swift */; };
		5CC0559A266D08750006746C /* Assets.xcassets in Resources */ = {isa = PBXBuildFile; fileRef = 5CC05599266D08750006746C /* Assets.xcassets */; };
		5CC0559D266D08750006746C /* Preview Assets.xcassets in Resources */ = {isa = PBXBuildFile; fileRef = 5CC0559C266D08750006746C /* Preview Assets.xcassets */; };
		5CC055A7266D0D070006746C /* NetworkManager.swift in Sources */ = {isa = PBXBuildFile; fileRef = 5CC055A6266D0D070006746C /* NetworkManager.swift */; };
		5CC055AA266D135E0006746C /* PostData.swift in Sources */ = {isa = PBXBuildFile; fileRef = 5CC055A9266D135E0006746C /* PostData.swift */; };
		5CC055B2266D240E0006746C /* DetailsView.swift in Sources */ = {isa = PBXBuildFile; fileRef = 5CC055B1266D240E0006746C /* DetailsView.swift */; };
		5CF2F457267112CD00C2016B /* WebView.swift in Sources */ = {isa = PBXBuildFile; fileRef = 5CF2F456267112CD00C2016B /* WebView.swift */; };
/* End PBXBuildFile section */

/* Begin PBXFileReference section */
		5CC05592266D08710006746C /* HACKER NEWS.app */ = {isa = PBXFileReference; explicitFileType = wrapper.application; includeInIndex = 0; path = "HACKER NEWS.app"; sourceTree = BUILT_PRODUCTS_DIR; };
		5CC05595266D08710006746C /* HACKER_NEWSApp.swift */ = {isa = PBXFileReference; lastKnownFileType = sourcecode.swift; path = HACKER_NEWSApp.swift; sourceTree = "<group>"; };
		5CC05597266D08710006746C /* ContentView.swift */ = {isa = PBXFileReference; lastKnownFileType = sourcecode.swift; path = ContentView.swift; sourceTree = "<group>"; };
		5CC05599266D08750006746C /* Assets.xcassets */ = {isa = PBXFileReference; lastKnownFileType = folder.assetcatalog; path = Assets.xcassets; sourceTree = "<group>"; };
		5CC0559C266D08750006746C /* Preview Assets.xcassets */ = {isa = PBXFileReference; lastKnownFileType = folder.assetcatalog; path = "Preview Assets.xcassets"; sourceTree = "<group>"; };
		5CC0559E266D08750006746C /* Info.plist */ = {isa = PBXFileReference; lastKnownFileType = text.plist.xml; path = Info.plist; sourceTree = "<group>"; };
		5CC055A6266D0D070006746C /* NetworkManager.swift */ = {isa = PBXFileReference; lastKnownFileType = sourcecode.swift; path = NetworkManager.swift; sourceTree = "<group>"; };
		5CC055A9266D135E0006746C /* PostData.swift */ = {isa = PBXFileReference; lastKnownFileType = sourcecode.swift; path = PostData.swift; sourceTree = "<group>"; };
		5CC055B1266D240E0006746C /* DetailsView.swift */ = {isa = PBXFileReference; lastKnownFileType = sourcecode.swift; path = DetailsView.swift; sourceTree = "<group>"; };
		5CF2F456267112CD00C2016B /* WebView.swift */ = {isa = PBXFileReference; lastKnownFileType = sourcecode.swift; path = WebView.swift; sourceTree = "<group>"; };
		5CF2F459267113DB00C2016B /* HACKER NEWS.entitlements */ = {isa = PBXFileReference; lastKnownFileType = text.plist.entitlements; path = "HACKER NEWS.entitlements"; sourceTree = "<group>"; };
/* End PBXFileReference section */

/* Begin PBXFrameworksBuildPhase section */
		5CC0558F266D08710006746C /* Frameworks */ = {
			isa = PBXFrameworksBuildPhase;
			buildActionMask = 2147483647;
			files = (
			);
			runOnlyForDeploymentPostprocessing = 0;
		};
/* End PBXFrameworksBuildPhase section */

/* Begin PBXGroup section */
		5CC05589266D08710006746C = {
			isa = PBXGroup;
			children = (
				5CC05594266D08710006746C /* HACKER NEWS */,
				5CC05593266D08710006746C /* Products */,
			);
			sourceTree = "<group>";
		};
		5CC05593266D08710006746C /* Products */ = {
			isa = PBXGroup;
			children = (
				5CC05592266D08710006746C /* HACKER NEWS.app */,
			);
			name = Products;
			sourceTree = "<group>";
		};
		5CC05594266D08710006746C /* HACKER NEWS */ = {
			isa = PBXGroup;
			children = (
				5CF2F459267113DB00C2016B /* HACKER NEWS.entitlements */,
				5CC055AC266D23C50006746C /* View */,
				5CC055A5266D0CD00006746C /* Models */,
				5CC05595266D08710006746C /* HACKER_NEWSApp.swift */,
				5CC05599266D08750006746C /* Assets.xcassets */,
				5CC0559E266D08750006746C /* Info.plist */,
				5CC0559B266D08750006746C /* Preview Content */,
			);
			path = "HACKER NEWS";
			sourceTree = "<group>";
		};
		5CC0559B266D08750006746C /* Preview Content */ = {
			isa = PBXGroup;
			children = (
				5CC0559C266D08750006746C /* Preview Assets.xcassets */,
			);
			path = "Preview Content";
			sourceTree = "<group>";
		};
		5CC055A5266D0CD00006746C /* Models */ = {
			isa = PBXGroup;
			children = (
				5CC055A6266D0D070006746C /* NetworkManager.swift */,
				5CC055A9266D135E0006746C /* PostData.swift */,
			);
			path = Models;
			sourceTree = "<group>";
		};
		5CC055AC266D23C50006746C /* View */ = {
			isa = PBXGroup;
			children = (
				5CC05597266D08710006746C /* ContentView.swift */,
				5CC055B1266D240E0006746C /* DetailsView.swift */,
				5CF2F456267112CD00C2016B /* WebView.swift */,
			);
			path = View;
			sourceTree = "<group>";
		};
/* End PBXGroup section */

/* Begin PBXNativeTarget section */
		5CC05591266D08710006746C /* HACKER NEWS */ = {
			isa = PBXNativeTarget;
			buildConfigurationList = 5CC055A1266D08750006746C /* Build configuration list for PBXNativeTarget "HACKER NEWS" */;
			buildPhases = (
				5CC0558E266D08710006746C /* Sources */,
				5CC0558F266D08710006746C /* Frameworks */,
				5CC05590266D08710006746C /* Resources */,
			);
			buildRules = (
			);
			dependencies = (
			);
			name = "HACKER NEWS";
			productName = "HACKER NEWS";
			productReference = 5CC05592266D08710006746C /* HACKER NEWS.app */;
			productType = "com.apple.product-type.application";
		};
/* End PBXNativeTarget section */

/* Begin PBXProject section */
		5CC0558A266D08710006746C /* Project object */ = {
			isa = PBXProject;
			attributes = {
				LastSwiftUpdateCheck = 1240;
				LastUpgradeCheck = 1240;
				TargetAttributes = {
					5CC05591266D08710006746C = {
						CreatedOnToolsVersion = 12.4;
					};
				};
			};
			buildConfigurationList = 5CC0558D266D08710006746C /* Build configuration list for PBXProject "HACKER NEWS" */;
			compatibilityVersion = "Xcode 9.3";
			developmentRegion = en;
			hasScannedForEncodings = 0;
			knownRegions = (
				en,
				Base,
			);
			mainGroup = 5CC05589266D08710006746C;
			productRefGroup = 5CC05593266D08710006746C /* Products */;
			projectDirPath = "";
			projectRoot = "";
			targets = (
				5CC05591266D08710006746C /* HACKER NEWS */,
			);
		};
/* End PBXProject section */

/* Begin PBXResourcesBuildPhase section */
		5CC05590266D08710006746C /* Resources */ = {
			isa = PBXResourcesBuildPhase;
			buildActionMask = 2147483647;
			files = (
				5CC0559D266D08750006746C /* Preview Assets.xcassets in Resources */,
				5CC0559A266D08750006746C /* Assets.xcassets in Resources */,
			);
			runOnlyForDeploymentPostprocessing = 0;
		};
/* End PBXResourcesBuildPhase section */

/* Begin PBXSourcesBuildPhase section */
		5CC0558E266D08710006746C /* Sources */ = {
			isa = PBXSourcesBuildPhase;
			buildActionMask = 2147483647;
			files = (
				5CC055A7266D0D070006746C /* NetworkManager.swift in Sources */,
				5CC055B2266D240E0006746C /* DetailsView.swift in Sources */,
				5CC055AA266D135E0006746C /* PostData.swift in Sources */,
				5CF2F457267112CD00C2016B /* WebView.swift in Sources */,
				5CC05598266D08710006746C /* ContentView.swift in Sources */,
				5CC05596266D08710006746C /* HACKER_NEWSApp.swift in Sources */,
			);
			runOnlyForDeploymentPostprocessing = 0;
		};
/* End PBXSourcesBuildPhase section */

/* Begin XCBuildConfiguration section */
		5CC0559F266D08750006746C /* Debug */ = {
			isa = XCBuildConfiguration;
			buildSettings = {
				ALWAYS_SEARCH_USER_PATHS = NO;
				CLANG_ANALYZER_NONNULL = YES;
				CLANG_ANALYZER_NUMBER_OBJECT_CONVERSION = YES_AGGRESSIVE;
				CLANG_CXX_LANGUAGE_STANDARD = "gnu++14";
				CLANG_CXX_LIBRARY = "libc++";
				CLANG_ENABLE_MODULES = YES;
				CLANG_ENABLE_OBJC_ARC = YES;
				CLANG_ENABLE_OBJC_WEAK = YES;
				CLANG_WARN_BLOCK_CAPTURE_AUTORELEASING = YES;
				CLANG_WARN_BOOL_CONVERSION = YES;
				CLANG_WARN_COMMA = YES;
				CLANG_WARN_CONSTANT_CONVERSION = YES;
				CLANG_WARN_DEPRECATED_OBJC_IMPLEMENTATIONS = YES;
				CLANG_WARN_DIRECT_OBJC_ISA_USAGE = YES_ERROR;
				CLANG_WARN_DOCUMENTATION_COMMENTS = YES;
				CLANG_WARN_EMPTY_BODY = YES;
				CLANG_WARN_ENUM_CONVERSION = YES;
				CLANG_WARN_INFINITE_RECURSION = YES;
				CLANG_WARN_INT_CONVERSION = YES;
				CLANG_WARN_NON_LITERAL_NULL_CONVERSION = YES;
				CLANG_WARN_OBJC_IMPLICIT_RETAIN_SELF = YES;
				CLANG_WARN_OBJC_LITERAL_CONVERSION = YES;
				CLANG_WARN_OBJC_ROOT_CLASS = YES_ERROR;
				CLANG_WARN_QUOTED_INCLUDE_IN_FRAMEWORK_HEADER = YES;
				CLANG_WARN_RANGE_LOOP_ANALYSIS = YES;
				CLANG_WARN_STRICT_PROTOTYPES = YES;
				CLANG_WARN_SUSPICIOUS_MOVE = YES;
				CLANG_WARN_UNGUARDED_AVAILABILITY = YES_AGGRESSIVE;
				CLANG_WARN_UNREACHABLE_CODE = YES;
				CLANG_WARN__DUPLICATE_METHOD_MATCH = YES;
				COPY_PHASE_STRIP = NO;
				DEBUG_INFORMATION_FORMAT = dwarf;
				ENABLE_STRICT_OBJC_MSGSEND = YES;
				ENABLE_TESTABILITY = YES;
				GCC_C_LANGUAGE_STANDARD = gnu11;
				GCC_DYNAMIC_NO_PIC = NO;
				GCC_NO_COMMON_BLOCKS = YES;
				GCC_OPTIMIZATION_LEVEL = 0;
				GCC_PREPROCESSOR_DEFINITIONS = (
					"DEBUG=1",
					"$(inherited)",
				);
				GCC_WARN_64_TO_32_BIT_CONVERSION = YES;
				GCC_WARN_ABOUT_RETURN_TYPE = YES_ERROR;
				GCC_WARN_UNDECLARED_SELECTOR = YES;
				GCC_WARN_UNINITIALIZED_AUTOS = YES_AGGRESSIVE;
				GCC_WARN_UNUSED_FUNCTION = YES;
				GCC_WARN_UNUSED_VARIABLE = YES;
				IPHONEOS_DEPLOYMENT_TARGET = 14.4;
				MTL_ENABLE_DEBUG_INFO = INCLUDE_SOURCE;
				MTL_FAST_MATH = YES;
				ONLY_ACTIVE_ARCH = YES;
				SDKROOT = iphoneos;
				SWIFT_ACTIVE_COMPILATION_CONDITIONS = DEBUG;
				SWIFT_OPTIMIZATION_LEVEL = "-Onone";
			};
			name = Debug;
		};
		5CC055A0266D08750006746C /* Release */ = {
			isa = XCBuildConfiguration;
			buildSettings = {
				ALWAYS_SEARCH_USER_PATHS = NO;
				CLANG_ANALYZER_NONNULL = YES;
				CLANG_ANALYZER_NUMBER_OBJECT_CONVERSION = YES_AGGRESSIVE;
				CLANG_CXX_LANGUAGE_STANDARD = "gnu++14";
				CLANG_CXX_LIBRARY = "libc++";
				CLANG_ENABLE_MODULES = YES;
				CLANG_ENABLE_OBJC_ARC = YES;
				CLANG_ENABLE_OBJC_WEAK = YES;
				CLANG_WARN_BLOCK_CAPTURE_AUTORELEASING = YES;
				CLANG_WARN_BOOL_CONVERSION = YES;
				CLANG_WARN_COMMA = YES;
				CLANG_WARN_CONSTANT_CONVERSION = YES;
				CLANG_WARN_DEPRECATED_OBJC_IMPLEMENTATIONS = YES;
				CLANG_WARN_DIRECT_OBJC_ISA_USAGE = YES_ERROR;
				CLANG_WARN_DOCUMENTATION_COMMENTS = YES;
				CLANG_WARN_EMPTY_BODY = YES;
				CLANG_WARN_ENUM_CONVERSION = YES;
				CLANG_WARN_INFINITE_RECURSION = YES;
				CLANG_WARN_INT_CONVERSION = YES;
				CLANG_WARN_NON_LITERAL_NULL_CONVERSION = YES;
				CLANG_WARN_OBJC_IMPLICIT_RETAIN_SELF = YES;
				CLANG_WARN_OBJC_LITERAL_CONVERSION = YES;
				CLANG_WARN_OBJC_ROOT_CLASS = YES_ERROR;
				CLANG_WARN_QUOTED_INCLUDE_IN_FRAMEWORK_HEADER = YES;
				CLANG_WARN_RANGE_LOOP_ANALYSIS = YES;
				CLANG_WARN_STRICT_PROTOTYPES = YES;
				CLANG_WARN_SUSPICIOUS_MOVE = YES;
				CLANG_WARN_UNGUARDED_AVAILABILITY = YES_AGGRESSIVE;
				CLANG_WARN_UNREACHABLE_CODE = YES;
				CLANG_WARN__DUPLICATE_METHOD_MATCH = YES;
				COPY_PHASE_STRIP = NO;
				DEBUG_INFORMATION_FORMAT = "dwarf-with-dsym";
				ENABLE_NS_ASSERTIONS = NO;
				ENABLE_STRICT_OBJC_MSGSEND = YES;
				GCC_C_LANGUAGE_STANDARD = gnu11;
				GCC_NO_COMMON_BLOCKS = YES;
				GCC_WARN_64_TO_32_BIT_CONVERSION = YES;
				GCC_WARN_ABOUT_RETURN_TYPE = YES_ERROR;
				GCC_WARN_UNDECLARED_SELECTOR = YES;
				GCC_WARN_UNINITIALIZED_AUTOS = YES_AGGRESSIVE;
				GCC_WARN_UNUSED_FUNCTION = YES;
				GCC_WARN_UNUSED_VARIABLE = YES;
				IPHONEOS_DEPLOYMENT_TARGET = 14.4;
				MTL_ENABLE_DEBUG_INFO = NO;
				MTL_FAST_MATH = YES;
				SDKROOT = iphoneos;
				SWIFT_COMPILATION_MODE = wholemodule;
				SWIFT_OPTIMIZATION_LEVEL = "-O";
				VALIDATE_PRODUCT = YES;
			};
			name = Release;
		};
		5CC055A2266D08750006746C /* Debug */ = {
			isa = XCBuildConfiguration;
			buildSettings = {
				ASSETCATALOG_COMPILER_APPICON_NAME = AppIcon;
				ASSETCATALOG_COMPILER_GLOBAL_ACCENT_COLOR_NAME = AccentColor;
				CODE_SIGN_ENTITLEMENTS = "HACKER NEWS/HACKER NEWS.entitlements";
				CODE_SIGN_STYLE = Automatic;
				DEVELOPMENT_ASSET_PATHS = "\"HACKER NEWS/Preview Content\"";
				DEVELOPMENT_TEAM = TN4AL9CPNZ;
				ENABLE_PREVIEWS = YES;
				INFOPLIST_FILE = "HACKER NEWS/Info.plist";
				IPHONEOS_DEPLOYMENT_TARGET = 14.0;
				LD_RUNPATH_SEARCH_PATHS = (
					"$(inherited)",
					"@executable_path/Frameworks",
				);
				PRODUCT_BUNDLE_IDENTIFIER = "com.test.HACKER-NEWS";
				PRODUCT_NAME = "$(TARGET_NAME)";
				SUPPORTS_MACCATALYST = NO;
				SWIFT_VERSION = 5.0;
				TARGETED_DEVICE_FAMILY = "1,2";
			};
			name = Debug;
		};
		5CC055A3266D08750006746C /* Release */ = {
			isa = XCBuildConfiguration;
			buildSettings = {
				ASSETCATALOG_COMPILER_APPICON_NAME = AppIcon;
				ASSETCATALOG_COMPILER_GLOBAL_ACCENT_COLOR_NAME = AccentColor;
				CODE_SIGN_ENTITLEMENTS = "HACKER NEWS/HACKER NEWS.entitlements";
				CODE_SIGN_STYLE = Automatic;
				DEVELOPMENT_ASSET_PATHS = "\"HACKER NEWS/Preview Content\"";
				DEVELOPMENT_TEAM = TN4AL9CPNZ;
				ENABLE_PREVIEWS = YES;
				INFOPLIST_FILE = "HACKER NEWS/Info.plist";
				IPHONEOS_DEPLOYMENT_TARGET = 14.0;
				LD_RUNPATH_SEARCH_PATHS = (
					"$(inherited)",
					"@executable_path/Frameworks",
				);
				PRODUCT_BUNDLE_IDENTIFIER = "com.test.HACKER-NEWS";
				PRODUCT_NAME = "$(TARGET_NAME)";
				SUPPORTS_MACCATALYST = NO;
				SWIFT_VERSION = 5.0;
				TARGETED_DEVICE_FAMILY = "1,2";
			};
			name = Release;
		};
/* End XCBuildConfiguration section */

/* Begin XCConfigurationList section */
		5CC0558D266D08710006746C /* Build configuration list for PBXProject "HACKER NEWS" */ = {
			isa = XCConfigurationList;
			buildConfigurations = (
				5CC0559F266D08750006746C /* Debug */,
				5CC055A0266D08750006746C /* Release */,
			);
			defaultConfigurationIsVisible = 0;
			defaultConfigurationName = Release;
		};
		5CC055A1266D08750006746C /* Build configuration list for PBXNativeTarget "HACKER NEWS" */ = {
			isa = XCConfigurationList;
			buildConfigurations = (
				5CC055A2266D08750006746C /* Debug */,
				5CC055A3266D08750006746C /* Release */,
			);
			defaultConfigurationIsVisible = 0;
			defaultConfigurationName = Release;
		};
/* End XCConfigurationList section */
	};
	rootObject = 5CC0558A266D08710006746C /* Project object */;
}
